
Microsoft Visual Studio Solution File, Format Version 12.00
# Visual Studio 15
VisualStudioVersion = 15.0.27703.2026
MinimumVisualStudioVersion = 10.0.40219.1
Project("{FAE04EC0-301F-11D3-BF4B-00C04F79EFBC}") = "PictureShapes", "PictureShapes\PictureShapes.csproj", "{FE947C92-A8F2-4B9D-916B-9E0BEB25FB11}"
EndProject
Global
	GlobalSection(SolutionConfigurationPlatforms) = preSolution
		Debug|Any CPU = Debug|Any CPU
		Release|Any CPU = Release|Any CPU
	EndGlobalSection
	GlobalSection(ProjectConfigurationPlatforms) = postSolution
		{FE947C92-A8F2-4B9D-916B-9E0BEB25FB11}.Debug|Any CPU.ActiveCfg = Debug|Any CPU
		{FE947C92-A8F2-4B9D-916B-9E0BEB25FB11}.Debug|Any CPU.Build.0 = Debug|Any CPU
		{FE947C92-A8F2-4B9D-916B-9E0BEB25FB11}.Release|Any CPU.ActiveCfg = Release|Any CPU
		{FE947C92-A8F2-4B9D-916B-9E0BEB25FB11}.Release|Any CPU.Build.0 = Release|Any CPU
	EndGlobalSection
	GlobalSection(SolutionProperties) = preSolution
		HideSolutionNode = FALSE
	EndGlobalSection
	GlobalSection(ExtensibilityGlobals) = postSolution
		SolutionGuid = {6FDFC5AD-E9B8-43E8-BD04-0ABBF8A1A705}
	EndGlobalSection
EndGlobal
